PODS:
  - Alamofire (4.5.1)
  - Firebase/Auth (5.2.0):
    - Firebase/CoreOnly
    - FirebaseAuth (= 5.0.1)
  - Firebase/Core (5.2.0):
    - Firebase/CoreOnly
    - FirebaseAnalytics (= 5.0.1)
  - Firebase/CoreOnly (5.2.0):
    - FirebaseCore (= 5.0.3)
  - Firebase/Database (5.2.0):
    - Firebase/CoreOnly
    - FirebaseDatabase (= 5.0.1)
  - FirebaseAnalytics (5.0.1):
    - FirebaseCore (~> 5.0)
    - FirebaseInstanceID (~> 3.0)
    - "GoogleToolboxForMac/NSData+zlib (~> 2.1)"
    - nanopb (~> 0.3)
  - FirebaseAuth (5.0.1):
    - FirebaseCore (~> 5.0)
    - GTMSessionFetcher/Core (~> 1.1)
  - FirebaseCore (5.0.3):
    - "GoogleToolboxForMac/NSData+zlib (~> 2.1)"
  - FirebaseDatabase (5.0.1):
    - FirebaseCore (~> 5.0)
    - leveldb-library (~> 1.18)
  - FirebaseInstanceID (3.1.0):
    - FirebaseCore (~> 5.0)
  - GoogleToolboxForMac/Defines (2.1.4)
  - "GoogleToolboxForMac/NSData+zlib (2.1.4)":
    - GoogleToolboxForMac/Defines (= 2.1.4)
  - GTMSessionFetcher/Core (1.1.15)
  - leveldb-library (1.20)
  - Marshal (1.2.4)
  - nanopb (0.3.8):
    - nanopb/decode (= 0.3.8)
    - nanopb/encode (= 0.3.8)
  - nanopb/decode (0.3.8)
  - nanopb/encode (0.3.8)
  - SwiftGen (5.2.1)
  - SwiftKeychainWrapper (3.0.1)
  - SwiftyJSON (4.1.0)
  - Swinject (2.1.1)

DEPENDENCIES:
  - Alamofire (~> 4.5.1)
  - Firebase/Auth
  - Firebase/Core
  - Firebase/Database
  - Marshal (~> 1.2.4)
  - SwiftGen (~> 5.2.1)
  - SwiftKeychainWrapper (~> 3.0.1)
  - SwiftyJSON
  - Swinject (~> 2.1.1)

SPEC REPOS:
  https://github.com/cocoapods/specs.git:
    - Alamofire
    - Firebase
    - FirebaseAnalytics
    - FirebaseAuth
    - FirebaseCore
    - FirebaseDatabase
    - FirebaseInstanceID
    - GoogleToolboxForMac
    - GTMSessionFetcher
    - leveldb-library
    - Marshal
    - nanopb
    - SwiftGen
    - SwiftKeychainWrapper
    - SwiftyJSON
    - Swinject

SPEC CHECKSUMS:
  Alamofire: 2d95912bf4c34f164fdfc335872e8c312acaea4a
  Firebase: 25ed0412036d7d008568d1fb4d2e9d81ea8a0a2c
  FirebaseAnalytics: b3628aea54c50464c32c393fb2ea032566e7ecc2
  FirebaseAuth: 463b8ce33bd5d05f706dcd4615499e3212b4132b
  FirebaseCore: a3c87242451633fff8490183898075ce77d168d2
  FirebaseDatabase: 482bad9c2abd422bb2321194fb8c937e67426a89
  FirebaseInstanceID: 05d779cbb97bd5bd5c51a38a903fc9cfe1b2454a
  GoogleToolboxForMac: 91c824d21e85b31c2aae9bb011c5027c9b4e738f
  GTMSessionFetcher: 5fa5b80fd20e439ef5f545fb2cb3ca6c6714caa2
  leveldb-library: 08cba283675b7ed2d99629a4bc5fd052cd2bb6a5
  Marshal: 8e04e6624e506921db7143b0bfd83caee03f32d6
  nanopb: 5601e6bca2dbf1ed831b519092ec110f66982ca3
  SwiftGen: 444b4c467e512a4812b8a800d731643fd265139e
  SwiftKeychainWrapper: 38952a3636320ae61bad3513cadd870929de7a4a
  SwiftyJSON: c29297daf073d2aa016295d5809cdd68045c39b3
  Swinject: afea49fd95f392b41171669f165842879c48fad6

PODFILE CHECKSUM: ad820d8320b2df1129f6bf05c710d41a9154ef78

COCOAPODS: 1.5.3
